{
  "name": "Ingles",
  "lockfileVersion": 3,
  "requires": true,
  "packages": {
    "": {
      "dependencies": {
        "@egjs/vue-flicking": "^4.11.2",
        "vue-carousel": "^0.18.0",
        "vue-feedback-reaction": "^1.2.0",
        "vue-flux": "^7.0.0-beta.5",
        "vue-gallery-slideshow": "^1.5.2",
        "vue-rate": "^2.5.0",
        "vue-social-sharing": "^3.0.9",
        "vue-star-rating": "^1.7.0",
        "vue3-google-map": "^0.20.0"
      }
    },
    "node_modules/@babel/parser": {
      "version": "7.24.1",
      "resolved": "https://registry.npmjs.org/@babel/parser/-/parser-7.24.1.tgz",
      "integrity": "sha512-Zo9c7N3xdOIQrNip7Lc9wvRPzlRtovHVE4lkz8WEDr7uYh/GMQhSiIgFxGIArRHYdJE5kxtZjAf8rT0xhdLCzg==",
      "bin": {
        "parser": "bin/babel-parser.js"
      },
      "engines": {
        "node": ">=6.0.0"
      }
    },
    "node_modules/@cfcs/core": {
      "version": "0.1.0",
      "resolved": "https://registry.npmjs.org/@cfcs/core/-/core-0.1.0.tgz",
      "integrity": "sha512-kvYX0RpL45XTHJ5sW7teNbKeAa7pK3nNqaJPoFfZDPTIBJOkTtRD3QhkBG+O3Hu69a8xeMoPvF6y/RtJ6JUOdA==",
      "dependencies": {
        "@egjs/component": "^3.0.4"
      }
    },
    "node_modules/@controlla/controlla-postinstall": {
      "version": "1.0.21",
      "resolved": "https://registry.npmjs.org/@controlla/controlla-postinstall/-/controlla-postinstall-1.0.21.tgz",
      "integrity": "sha512-hqbdWeBoBJrgTFj+lDiZdSiHnf8bcN8oWogfgbKE45Igql3D9hCnIkjESFRPCpNX1heT/2WTTWRhTDUmzfj7kw==",
      "dependencies": {
        "chalk": "^2.4.1",
        "consola": "^2.3.0",
        "node-fetch": "^2.3.0"
      },
      "bin": {
        "controlla-postinstall": "bin/controlla-postinstall.js"
      },
      "engines": {
        "node": ">=8.0.0",
        "npm": ">=5.0.0"
      }
    },
    "node_modules/@egjs/agent": {
      "version": "2.4.3",
      "resolved": "https://registry.npmjs.org/@egjs/agent/-/agent-2.4.3.tgz",
      "integrity": "sha512-XvksSENe8wPeFlEVouvrOhKdx8HMniJ3by7sro2uPF3M6QqWwjzVcmvwoPtdjiX8O1lfRoLhQMp1a7NGlVTdIA=="
    },
    "node_modules/@egjs/axes": {
      "version": "3.9.0",
      "resolved": "https://registry.npmjs.org/@egjs/axes/-/axes-3.9.0.tgz",
      "integrity": "sha512-V+HxHxEGmlu/0yJ9kqlj2doiJt1yVeROTy/0Qf+IaJ9hMabjzUgfYffGR+3atcRpejjGbcpAIiBrGbAkDVaLjg==",
      "dependencies": {
        "@cfcs/core": "^0.1.0",
        "@egjs/agent": "^2.2.1",
        "@egjs/component": "^3.0.1"
      }
    },
    "node_modules/@egjs/component": {
      "version": "3.0.5",
      "resolved": "https://registry.npmjs.org/@egjs/component/-/component-3.0.5.tgz",
      "integrity": "sha512-cLcGizTrrUNA2EYE3MBmEDt2tQv1joVP1Q3oDisZ5nw0MZDx2kcgEXM+/kZpfa/PAkFvYVhRUZwytIQWoN3V/w=="
    },
    "node_modules/@egjs/flicking": {
      "version": "4.11.2",
      "resolved": "https://registry.npmjs.org/@egjs/flicking/-/flicking-4.11.2.tgz",
      "integrity": "sha512-qOAn3NUpVlPkakaVJYFeFg5LlNNoh+QJVjFEcj4maQ9T+gRngWKha/cYpPgYukMIsjS5F8XYcgeeOINK/md62A==",
      "dependencies": {
        "@egjs/axes": "^3.9.0",
        "@egjs/component": "^3.0.1",
        "@egjs/imready": "^1.3.1",
        "@egjs/list-differ": "^1.0.1"
      }
    },
    "node_modules/@egjs/imready": {
      "version": "1.4.1",
      "resolved": "https://registry.npmjs.org/@egjs/imready/-/imready-1.4.1.tgz",
      "integrity": "sha512-JIOBs4lB7FYdsKi5uvz2j3SObX8eShtZjtqlOH41tm185aJOQZwiKBK8+V4MxzG4X6DqVhpdN8UcuVwBbElfsg==",
      "dependencies": {
        "@cfcs/core": "^0.0.24",
        "@egjs/component": "^3.0.1"
      }
    },
    "node_modules/@egjs/imready/node_modules/@cfcs/core": {
      "version": "0.0.24",
      "resolved": "https://registry.npmjs.org/@cfcs/core/-/core-0.0.24.tgz",
      "integrity": "sha512-feB38qu+eDk0Pggh/yR7gjaNmvUYA2uCxHP3Pz2MLE4LZ/9jPdtu8bzCSI47yTEhWyZCF5Pk698hdz8IN2mTjA==",
      "dependencies": {
        "@egjs/component": "^3.0.4"
      }
    },
    "node_modules/@egjs/list-differ": {
      "version": "1.0.1",
      "resolved": "https://registry.npmjs.org/@egjs/list-differ/-/list-differ-1.0.1.tgz",
      "integrity": "sha512-OTFTDQcWS+1ZREOdCWuk5hCBgYO4OsD30lXcOCyVOAjXMhgL5rBRDnt/otb6Nz8CzU0L/igdcaQBDLWc4t9gvg=="
    },
    "node_modules/@egjs/vue-flicking": {
      "version": "4.11.2",
      "resolved": "https://registry.npmjs.org/@egjs/vue-flicking/-/vue-flicking-4.11.2.tgz",
      "integrity": "sha512-q9loQy3D70GIqiC7oTiJewxX0C0RYEhiV1gQT7rnikqFx108L/ioXKxFW781AT1xgWp+ILYDnl2X1loQWtnYvA==",
      "dependencies": {
        "@egjs/flicking": "~4.11.2",
        "@egjs/list-differ": "^1.0.1"
      }
    },
    "node_modules/@googlemaps/js-api-loader": {
      "version": "1.16.6",
      "resolved": "https://registry.npmjs.org/@googlemaps/js-api-loader/-/js-api-loader-1.16.6.tgz",
      "integrity": "sha512-V8p5W9DbPQx74jWUmyYJOerhiB4C+MHekaO0ZRmc6lrOYrvY7+syLhzOWpp55kqSPeNb+qbC2h8i69aLIX6krQ==",
      "dependencies": {
        "fast-deep-equal": "^3.1.3"
      }
    },
    "node_modules/@googlemaps/markerclusterer": {
      "version": "2.5.3",
      "resolved": "https://registry.npmjs.org/@googlemaps/markerclusterer/-/markerclusterer-2.5.3.tgz",
      "integrity": "sha512-x7lX0R5yYOoiNectr10wLgCBasNcXFHiADIBdmn7jQllF2B5ENQw5XtZK+hIw4xnV0Df0xhN4LN98XqA5jaiOw==",
      "dependencies": {
        "fast-deep-equal": "^3.1.3",
        "supercluster": "^8.0.1"
      }
    },
    "node_modules/@jridgewell/sourcemap-codec": {
      "version": "1.4.15",
      "resolved": "https://registry.npmjs.org/@jridgewell/sourcemap-codec/-/sourcemap-codec-1.4.15.tgz",
      "integrity": "sha512-eF2rxCRulEKXHTRiDrDy6erMYWqNw4LPdQ8UQA4huuxaQsVeRPFl2oM8oDGxMFhJUWZf9McpLtJasDDZb/Bpeg=="
    },
    "node_modules/@vue/compiler-core": {
      "version": "3.4.21",
      "resolved": "https://registry.npmjs.org/@vue/compiler-core/-/compiler-core-3.4.21.tgz",
      "integrity": "sha512-MjXawxZf2SbZszLPYxaFCjxfibYrzr3eYbKxwpLR9EQN+oaziSu3qKVbwBERj1IFIB8OLUewxB5m/BFzi613og==",
      "dependencies": {
        "@babel/parser": "^7.23.9",
        "@vue/shared": "3.4.21",
        "entities": "^4.5.0",
        "estree-walker": "^2.0.2",
        "source-map-js": "^1.0.2"
      }
    },
    "node_modules/@vue/compiler-dom": {
      "version": "3.4.21",
      "resolved": "https://registry.npmjs.org/@vue/compiler-dom/-/compiler-dom-3.4.21.tgz",
      "integrity": "sha512-IZC6FKowtT1sl0CR5DpXSiEB5ayw75oT2bma1BEhV7RRR1+cfwLrxc2Z8Zq/RGFzJ8w5r9QtCOvTjQgdn0IKmA==",
      "dependencies": {
        "@vue/compiler-core": "3.4.21",
        "@vue/shared": "3.4.21"
      }
    },
    "node_modules/@vue/compiler-sfc": {
      "version": "2.7.16",
      "resolved": "https://registry.npmjs.org/@vue/compiler-sfc/-/compiler-sfc-2.7.16.tgz",
      "integrity": "sha512-KWhJ9k5nXuNtygPU7+t1rX6baZeqOYLEforUPjgNDBnLicfHCoi48H87Q8XyLZOrNNsmhuwKqtpDQWjEFe6Ekg==",
      "dependencies": {
        "@babel/parser": "^7.23.5",
        "postcss": "^8.4.14",
        "source-map": "^0.6.1"
      },
      "optionalDependencies": {
        "prettier": "^1.18.2 || ^2.0.0"
      }
    },
    "node_modules/@vue/compiler-ssr": {
      "version": "3.4.21",
      "resolved": "https://registry.npmjs.org/@vue/compiler-ssr/-/compiler-ssr-3.4.21.tgz",
      "integrity": "sha512-M5+9nI2lPpAsgXOGQobnIueVqc9sisBFexh5yMIMRAPYLa7+5wEJs8iqOZc1WAa9WQbx9GR2twgznU8LTIiZ4Q==",
      "dependencies": {
        "@vue/compiler-dom": "3.4.21",
        "@vue/shared": "3.4.21"
      }
    },
    "node_modules/@vue/reactivity": {
      "version": "3.4.21",
      "resolved": "https://registry.npmjs.org/@vue/reactivity/-/reactivity-3.4.21.tgz",
      "integrity": "sha512-UhenImdc0L0/4ahGCyEzc/pZNwVgcglGy9HVzJ1Bq2Mm9qXOpP8RyNTjookw/gOCUlXSEtuZ2fUg5nrHcoqJcw==",
      "dependencies": {
        "@vue/shared": "3.4.21"
      }
    },
    "node_modules/@vue/runtime-core": {
      "version": "3.4.21",
      "resolved": "https://registry.npmjs.org/@vue/runtime-core/-/runtime-core-3.4.21.tgz",
      "integrity": "sha512-pQthsuYzE1XcGZznTKn73G0s14eCJcjaLvp3/DKeYWoFacD9glJoqlNBxt3W2c5S40t6CCcpPf+jG01N3ULyrA==",
      "dependencies": {
        "@vue/reactivity": "3.4.21",
        "@vue/shared": "3.4.21"
      }
    },
    "node_modules/@vue/runtime-dom": {
      "version": "3.4.21",
      "resolved": "https://registry.npmjs.org/@vue/runtime-dom/-/runtime-dom-3.4.21.tgz",
      "integrity": "sha512-gvf+C9cFpevsQxbkRBS1NpU8CqxKw0ebqMvLwcGQrNpx6gqRDodqKqA+A2VZZpQ9RpK2f9yfg8VbW/EpdFUOJw==",
      "dependencies": {
        "@vue/runtime-core": "3.4.21",
        "@vue/shared": "3.4.21",
        "csstype": "^3.1.3"
      }
    },
    "node_modules/@vue/shared": {
      "version": "3.4.21",
      "resolved": "https://registry.npmjs.org/@vue/shared/-/shared-3.4.21.tgz",
      "integrity": "sha512-PuJe7vDIi6VYSinuEbUIQgMIRZGgM8e4R+G+/dQTk0X1NEdvgvvgv7m+rfmDH1gZzyA1OjjoWskvHlfRNfQf3g=="
    },
    "node_modules/ansi-styles": {
      "version": "3.2.1",
      "resolved": "https://registry.npmjs.org/ansi-styles/-/ansi-styles-3.2.1.tgz",
      "integrity": "sha512-VT0ZI6kZRdTh8YyJw3SMbYm/u+NqfsAxEpWO0Pf9sq8/e94WxxOpPKx9FR1FlyCtOVDNOQ+8ntlqFxiRc+r5qA==",
      "dependencies": {
        "color-convert": "^1.9.0"
      },
      "engines": {
        "node": ">=4"
      }
    },
    "node_modules/chalk": {
      "version": "2.4.2",
      "resolved": "https://registry.npmjs.org/chalk/-/chalk-2.4.2.tgz",
      "integrity": "sha512-Mti+f9lpJNcwF4tWV8/OrTTtF1gZi+f8FqlyAdouralcFWFQWF2+NgCHShjkCb+IFBLq9buZwE1xckQU4peSuQ==",
      "dependencies": {
        "ansi-styles": "^3.2.1",
        "escape-string-regexp": "^1.0.5",
        "supports-color": "^5.3.0"
      },
      "engines": {
        "node": ">=4"
      }
    },
    "node_modules/color-convert": {
      "version": "1.9.3",
      "resolved": "https://registry.npmjs.org/color-convert/-/color-convert-1.9.3.tgz",
      "integrity": "sha512-QfAUtd+vFdAtFQcC8CCyYt1fYWxSqAiK2cSD6zDB8N3cpsEBAvRxp9zOGg6G/SHHJYAT88/az/IuDGALsNVbGg==",
      "dependencies": {
        "color-name": "1.1.3"
      }
    },
    "node_modules/color-name": {
      "version": "1.1.3",
      "resolved": "https://registry.npmjs.org/color-name/-/color-name-1.1.3.tgz",
      "integrity": "sha512-72fSenhMw2HZMTVHeCA9KCmpEIbzWiQsjN+BHcBbS9vr1mtt+vJjPdksIBNUmKAW8TFUDPJK5SUU3QhE9NEXDw=="
    },
    "node_modules/consola": {
      "version": "2.15.3",
      "resolved": "https://registry.npmjs.org/consola/-/consola-2.15.3.tgz",
      "integrity": "sha512-9vAdYbHj6x2fLKC4+oPH0kFzY/orMZyG2Aj+kNylHxKGJ/Ed4dpNyAQYwJOdqO4zdM7XpVHmyejQDcQHrnuXbw=="
    },
    "node_modules/core-js": {
      "version": "2.6.12",
      "resolved": "https://registry.npmjs.org/core-js/-/core-js-2.6.12.tgz",
      "integrity": "sha512-Kb2wC0fvsWfQrgk8HU5lW6U/Lcs8+9aaYcy4ZFc6DDlo4nZ7n70dEgE5rtR0oG6ufKDUnrwfWL1mXR5ljDatrQ==",
      "deprecated": "core-js@<3.23.3 is no longer maintained and not recommended for usage due to the number of issues. Because of the V8 engine whims, feature detection in old core-js versions could cause a slowdown up to 100x even if nothing is polyfilled. Some versions have web compatibility issues. Please, upgrade your dependencies to the actual version of core-js.",
      "hasInstallScript": true
    },
    "node_modules/csstype": {
      "version": "3.1.3",
      "resolved": "https://registry.npmjs.org/csstype/-/csstype-3.1.3.tgz",
      "integrity": "sha512-M1uQkMl8rQK/szD0LNhtqxIPLpimGm8sOBwU7lLnCpSbTyY3yeU1Vc7l4KT5zT4s/yOxHH5O7tIuuLOCnLADRw=="
    },
    "node_modules/dom-walk": {
      "version": "0.1.2",
      "resolved": "https://registry.npmjs.org/dom-walk/-/dom-walk-0.1.2.tgz",
      "integrity": "sha512-6QvTW9mrGeIegrFXdtQi9pk7O/nSK6lSdXW2eqUspN5LWD7UTji2Fqw5V2YLjBpHEoU9Xl/eUWNpDeZvoyOv2w=="
    },
    "node_modules/entities": {
      "version": "4.5.0",
      "resolved": "https://registry.npmjs.org/entities/-/entities-4.5.0.tgz",
      "integrity": "sha512-V0hjH4dGPh9Ao5p0MoRY6BVqtwCjhz6vI5LT8AJ55H+4g9/4vbHx1I54fS0XuclLhDHArPQCiMjDxjaL8fPxhw==",
      "engines": {
        "node": ">=0.12"
      },
      "funding": {
        "url": "https://github.com/fb55/entities?sponsor=1"
      }
    },
    "node_modules/escape-string-regexp": {
      "version": "1.0.5",
      "resolved": "https://registry.npmjs.org/escape-string-regexp/-/escape-string-regexp-1.0.5.tgz",
      "integrity": "sha512-vbRorB5FUQWvla16U8R/qgaFIya2qGzwDrNmCZuYKrbdSUMG6I1ZCGQRefkRVhuOkIGVne7BQ35DSfo1qvJqFg==",
      "engines": {
        "node": ">=0.8.0"
      }
    },
    "node_modules/estree-walker": {
      "version": "2.0.2",
      "resolved": "https://registry.npmjs.org/estree-walker/-/estree-walker-2.0.2.tgz",
      "integrity": "sha512-Rfkk/Mp/DL7JVje3u18FxFujQlTNR2q6QfMSMB7AvCBx91NGj/ba3kCfza0f6dVDbw7YlRf/nDrn7pQrCCyQ/w=="
    },
    "node_modules/fast-deep-equal": {
      "version": "3.1.3",
      "resolved": "https://registry.npmjs.org/fast-deep-equal/-/fast-deep-equal-3.1.3.tgz",
      "integrity": "sha512-f3qQ9oQy9j2AhBe/H9VC91wLmKBCCU/gDOnKNAYG5hswO7BLKj09Hc5HYNz9cGI++xlpDCIgDaitVs03ATR84Q=="
    },
    "node_modules/global": {
      "version": "4.4.0",
      "resolved": "https://registry.npmjs.org/global/-/global-4.4.0.tgz",
      "integrity": "sha512-wv/LAoHdRE3BeTGz53FAamhGlPLhlssK45usmGFThIi4XqnBmjKQ16u+RNbP7WvigRZDxUsM0J3gcQ5yicaL0w==",
      "dependencies": {
        "min-document": "^2.19.0",
        "process": "^0.11.10"
      }
    },
    "node_modules/has-flag": {
      "version": "3.0.0",
      "resolved": "https://registry.npmjs.org/has-flag/-/has-flag-3.0.0.tgz",
      "integrity": "sha512-sKJf1+ceQBr4SMkvQnBDNDtf4TXpVhVGateu0t918bl30FnbE2m4vNLX+VWe/dpjlb+HugGYzW7uQXH98HPEYw==",
      "engines": {
        "node": ">=4"
      }
    },
    "node_modules/kdbush": {
      "version": "4.0.2",
      "resolved": "https://registry.npmjs.org/kdbush/-/kdbush-4.0.2.tgz",
      "integrity": "sha512-WbCVYJ27Sz8zi9Q7Q0xHC+05iwkm3Znipc2XTlrnJbsHMYktW4hPhXUE8Ys1engBrvffoSCqbil1JQAa7clRpA=="
    },
    "node_modules/magic-string": {
      "version": "0.30.8",
      "resolved": "https://registry.npmjs.org/magic-string/-/magic-string-0.30.8.tgz",
      "integrity": "sha512-ISQTe55T2ao7XtlAStud6qwYPZjE4GK1S/BeVPus4jrq6JuOnQ00YKQC581RWhR122W7msZV263KzVeLoqidyQ==",
      "dependencies": {
        "@jridgewell/sourcemap-codec": "^1.4.15"
      },
      "engines": {
        "node": ">=12"
      }
    },
    "node_modules/min-document": {
      "version": "2.19.0",
      "resolved": "https://registry.npmjs.org/min-document/-/min-document-2.19.0.tgz",
      "integrity": "sha512-9Wy1B3m3f66bPPmU5hdA4DR4PB2OfDU/+GS3yAB7IQozE3tqXaVv2zOjgla7MEGSRv95+ILmOuvhLkOK6wJtCQ==",
      "dependencies": {
        "dom-walk": "^0.1.0"
      }
    },
    "node_modules/nanoid": {
      "version": "3.3.7",
      "resolved": "https://registry.npmjs.org/nanoid/-/nanoid-3.3.7.tgz",
      "integrity": "sha512-eSRppjcPIatRIMC1U6UngP8XFcz8MQWGQdt1MTBQ7NaAmvXDfvNxbvWV3x2y6CdEUciCSsDHDQZbhYaB8QEo2g==",
      "funding": [
        {
          "type": "github",
          "url": "https://github.com/sponsors/ai"
        }
      ],
      "bin": {
        "nanoid": "bin/nanoid.cjs"
      },
      "engines": {
        "node": "^10 || ^12 || ^13.7 || ^14 || >=15.0.1"
      }
    },
    "node_modules/node-fetch": {
      "version": "2.7.0",
      "resolved": "https://registry.npmjs.org/node-fetch/-/node-fetch-2.7.0.tgz",
      "integrity": "sha512-c4FRfUm/dbcWZ7U+1Wq0AwCyFL+3nt2bEw05wfxSz+DWpWsitgmSgYmy2dQdWyKC1694ELPqMs/YzUSNozLt8A==",
      "dependencies": {
        "whatwg-url": "^5.0.0"
      },
      "engines": {
        "node": "4.x || >=6.0.0"
      },
      "peerDependencies": {
        "encoding": "^0.1.0"
      },
      "peerDependenciesMeta": {
        "encoding": {
          "optional": true
        }
      }
    },
    "node_modules/picocolors": {
      "version": "1.0.0",
      "resolved": "https://registry.npmjs.org/picocolors/-/picocolors-1.0.0.tgz",
      "integrity": "sha512-1fygroTLlHu66zi26VoTDv8yRgm0Fccecssto+MhsZ0D/DGW2sm8E8AjW7NU5VVTRt5GxbeZ5qBuJr+HyLYkjQ=="
    },
    "node_modules/postcss": {
      "version": "8.4.37",
      "resolved": "https://registry.npmjs.org/postcss/-/postcss-8.4.37.tgz",
      "integrity": "sha512-7iB/v/r7Woof0glKLH8b1SPHrsX7uhdO+Geb41QpF/+mWZHU3uxxSlN+UXGVit1PawOYDToO+AbZzhBzWRDwbQ==",
      "funding": [
        {
          "type": "opencollective",
          "url": "https://opencollective.com/postcss/"
        },
        {
          "type": "tidelift",
          "url": "https://tidelift.com/funding/github/npm/postcss"
        },
        {
          "type": "github",
          "url": "https://github.com/sponsors/ai"
        }
      ],
      "dependencies": {
        "nanoid": "^3.3.7",
        "picocolors": "^1.0.0",
        "source-map-js": "^1.2.0"
      },
      "engines": {
        "node": "^10 || ^12 || >=14"
      }
    },
    "node_modules/prettier": {
      "version": "2.8.8",
      "resolved": "https://registry.npmjs.org/prettier/-/prettier-2.8.8.tgz",
      "integrity": "sha512-tdN8qQGvNjw4CHbY+XXk0JgCXn9QiF21a55rBe5LJAU+kDyC4WQn4+awm2Xfk2lQMk5fKup9XgzTZtGkjBdP9Q==",
      "optional": true,
      "bin": {
        "prettier": "bin-prettier.js"
      },
      "engines": {
        "node": ">=10.13.0"
      },
      "funding": {
        "url": "https://github.com/prettier/prettier?sponsor=1"
      }
    },
    "node_modules/process": {
      "version": "0.11.10",
      "resolved": "https://registry.npmjs.org/process/-/process-0.11.10.tgz",
      "integrity": "sha512-cdGef/drWFoydD1JsMzuFf8100nZl+GT+yacc2bEced5f9Rjk4z+WtFUTBu9PhOi9j/jfmBPu0mMEY4wIdAF8A==",
      "engines": {
        "node": ">= 0.6.0"
      }
    },
    "node_modules/regenerator-runtime": {
      "version": "0.12.1",
      "resolved": "https://registry.npmjs.org/regenerator-runtime/-/regenerator-runtime-0.12.1.tgz",
      "integrity": "sha512-odxIc1/vDlo4iZcfXqRYFj0vpXFNoGdKMAUieAlFYO6m/nl5e9KR/beGf41z4a1FI+aQgtjhuaSlDxQ0hmkrHg=="
    },
    "node_modules/source-map": {
      "version": "0.6.1",
      "resolved": "https://registry.npmjs.org/source-map/-/source-map-0.6.1.tgz",
      "integrity": "sha512-UjgapumWlbMhkBgzT7Ykc5YXUT46F0iKu8SGXq0bcwP5dz/h0Plj6enJqjz1Zbq2l5WaqYnrVbwWOWMyF3F47g==",
      "engines": {
        "node": ">=0.10.0"
      }
    },
    "node_modules/source-map-js": {
      "version": "1.2.0",
      "resolved": "https://registry.npmjs.org/source-map-js/-/source-map-js-1.2.0.tgz",
      "integrity": "sha512-itJW8lvSA0TXEphiRoawsCksnlf8SyvmFzIhltqAHluXd88pkCd+cXJVHTDwdCr0IzwptSm035IHQktUu1QUMg==",
      "engines": {
        "node": ">=0.10.0"
      }
    },
    "node_modules/supercluster": {
      "version": "8.0.1",
      "resolved": "https://registry.npmjs.org/supercluster/-/supercluster-8.0.1.tgz",
      "integrity": "sha512-IiOea5kJ9iqzD2t7QJq/cREyLHTtSmUT6gQsweojg9WH2sYJqZK9SswTu6jrscO6D1G5v5vYZ9ru/eq85lXeZQ==",
      "dependencies": {
        "kdbush": "^4.0.2"
      }
    },
    "node_modules/supports-color": {
      "version": "5.5.0",
      "resolved": "https://registry.npmjs.org/supports-color/-/supports-color-5.5.0.tgz",
      "integrity": "sha512-QjVjwdXIt408MIiAqCX4oUKsgU2EqAGzs2Ppkm4aQYbjm+ZEWEcW4SfFNTr4uMNZma0ey4f5lgLrkB0aX0QMow==",
      "dependencies": {
        "has-flag": "^3.0.0"
      },
      "engines": {
        "node": ">=4"
      }
    },
    "node_modules/tr46": {
      "version": "0.0.3",
      "resolved": "https://registry.npmjs.org/tr46/-/tr46-0.0.3.tgz",
      "integrity": "sha512-N3WMsuqV66lT30CrXNbEjx4GEwlow3v6rr4mCcv6prnfwhS01rkgyFdjPNBYd9br7LpXV1+Emh01fHnq2Gdgrw=="
    },
    "node_modules/vue": {
      "version": "2.7.16",
      "resolved": "https://registry.npmjs.org/vue/-/vue-2.7.16.tgz",
      "integrity": "sha512-4gCtFXaAA3zYZdTp5s4Hl2sozuySsgz4jy1EnpBHNfpMa9dK1ZCG7viqBPCwXtmgc8nHqUsAu3G4gtmXkkY3Sw==",
      "deprecated": "Vue 2 has reached EOL and is no longer actively maintained. See https://v2.vuejs.org/eol/ for more details.",
      "dependencies": {
        "@vue/compiler-sfc": "2.7.16",
        "csstype": "^3.1.0"
      }
    },
    "node_modules/vue-carousel": {
      "version": "0.18.0",
      "resolved": "https://registry.npmjs.org/vue-carousel/-/vue-carousel-0.18.0.tgz",
      "integrity": "sha512-a2zxh7QJioDxNMguqcuJ7TPbfgK5bGDaAXIia7NWxPAWsEvNE4ZtHgsGu40L5Aha4uyjmNKXvleB14QAXFoKig==",
      "dependencies": {
        "global": "^4.3.2",
        "regenerator-runtime": "^0.12.1",
        "vue": "^2.5.17"
      }
    },
    "node_modules/vue-feedback-reaction": {
      "version": "1.2.0",
      "resolved": "https://registry.npmjs.org/vue-feedback-reaction/-/vue-feedback-reaction-1.2.0.tgz",
      "integrity": "sha512-7ZHOZa6qBwpxqNQYYrEtpBcOsWCcrwkRLRmmeVaCA5Pq98EK/2hYO03LKGWW42LXc/zCjZvQC64muSVp00DL/Q==",
      "hasInstallScript": true,
      "dependencies": {
        "@controlla/controlla-postinstall": "^1.0.21",
        "core-js": "^2.6.5",
        "vue": "^2.6.10"
      }
    },
    "node_modules/vue-flux": {
      "version": "7.0.0-beta.5",
      "resolved": "https://registry.npmjs.org/vue-flux/-/vue-flux-7.0.0-beta.5.tgz",
      "integrity": "sha512-Yi+wC/3gQJDYkYFtvah42L5uqB0X7t9xdVHpNca3eTPI3uzQRp/9d3IBv+u3ckFt8ay8R3hQAb3FkJaQzNs2JA==",
      "dependencies": {
        "vue": "^3.0.0"
      },
      "peerDependencies": {
        "vue": "^3.0.0"
      }
    },
    "node_modules/vue-flux/node_modules/@vue/compiler-sfc": {
      "version": "3.4.21",
      "resolved": "https://registry.npmjs.org/@vue/compiler-sfc/-/compiler-sfc-3.4.21.tgz",
      "integrity": "sha512-me7epoTxYlY+2CUM7hy9PCDdpMPfIwrOvAXud2Upk10g4YLv9UBW7kL798TvMeDhPthkZ0CONNrK2GoeI1ODiQ==",
      "dependencies": {
        "@babel/parser": "^7.23.9",
        "@vue/compiler-core": "3.4.21",
        "@vue/compiler-dom": "3.4.21",
        "@vue/compiler-ssr": "3.4.21",
        "@vue/shared": "3.4.21",
        "estree-walker": "^2.0.2",
        "magic-string": "^0.30.7",
        "postcss": "^8.4.35",
        "source-map-js": "^1.0.2"
      }
    },
    "node_modules/vue-flux/node_modules/@vue/server-renderer": {
      "version": "3.4.21",
      "resolved": "https://registry.npmjs.org/@vue/server-renderer/-/server-renderer-3.4.21.tgz",
      "integrity": "sha512-aV1gXyKSN6Rz+6kZ6kr5+Ll14YzmIbeuWe7ryJl5muJ4uwSwY/aStXTixx76TwkZFJLm1aAlA/HSWEJ4EyiMkg==",
      "dependencies": {
        "@vue/compiler-ssr": "3.4.21",
        "@vue/shared": "3.4.21"
      },
      "peerDependencies": {
        "vue": "3.4.21"
      }
    },
    "node_modules/vue-flux/node_modules/vue": {
      "version": "3.4.21",
      "resolved": "https://registry.npmjs.org/vue/-/vue-3.4.21.tgz",
      "integrity": "sha512-5hjyV/jLEIKD/jYl4cavMcnzKwjMKohureP8ejn3hhEjwhWIhWeuzL2kJAjzl/WyVsgPY56Sy4Z40C3lVshxXA==",
      "dependencies": {
        "@vue/compiler-dom": "3.4.21",
        "@vue/compiler-sfc": "3.4.21",
        "@vue/runtime-dom": "3.4.21",
        "@vue/server-renderer": "3.4.21",
        "@vue/shared": "3.4.21"
      },
      "peerDependencies": {
        "typescript": "*"
      },
      "peerDependenciesMeta": {
        "typescript": {
          "optional": true
        }
      }
    },
    "node_modules/vue-gallery-slideshow": {
      "version": "1.5.2",
      "resolved": "https://registry.npmjs.org/vue-gallery-slideshow/-/vue-gallery-slideshow-1.5.2.tgz",
      "integrity": "sha512-P5u+H7ZL4MMx0uwmT9A76zQdeSX/m4/HoLWmUZxf7c/N0q5hnrG20/330xw049d5GnsBq91G3JUJadZOEqAUzw==",
      "dependencies": {
        "vue-runtime-helpers": "^1.1.2"
      }
    },
    "node_modules/vue-rate": {
      "version": "2.5.0",
      "resolved": "https://registry.npmjs.org/vue-rate/-/vue-rate-2.5.0.tgz",
      "integrity": "sha512-JMP1hm7fX+PO3fUdB+RPqadabflIOMqo/waZ5LL0HI1sRcF7Cj8rvJHNfv6eH3AQPUwvSNm7rZwDVwqMwIlcMw==",
      "dependencies": {
        "vue": "^2.5.21"
      }
    },
    "node_modules/vue-runtime-helpers": {
      "version": "1.1.2",
      "resolved": "https://registry.npmjs.org/vue-runtime-helpers/-/vue-runtime-helpers-1.1.2.tgz",
      "integrity": "sha512-pZfGp+PW/IXEOyETE09xQHR1CKkR9HfHZdnMD/FVLUNI+HxYTa82evx5WrF6Kz4s82qtqHvMZ8MZpbk2zT2E1Q=="
    },
    "node_modules/vue-social-sharing": {
      "version": "3.0.9",
      "resolved": "https://registry.npmjs.org/vue-social-sharing/-/vue-social-sharing-3.0.9.tgz",
      "integrity": "sha512-Yg4oz5cSkr7ieMAgumwoRLnFhAaoUGCsN8lZE9yUkuQzbKid8yBOn4mLjfx/DA/E8nxYjunAfIUFs7eKIkBjPA==",
      "peerDependencies": {
        "vue": "^2.6.10"
      }
    },
    "node_modules/vue-star-rating": {
      "version": "1.7.0",
      "resolved": "https://registry.npmjs.org/vue-star-rating/-/vue-star-rating-1.7.0.tgz",
      "integrity": "sha512-2qdONqnIlvFzJoallfr7VuFRB6hBzYgBVEbXC3yYZz2TfMhx36WtYQ5p7JRjW+pzZx2PGQYZ75UFoBE0jwIANw==",
      "dependencies": {
        "vue": "^2.3.3"
      }
    },
    "node_modules/vue3-google-map": {
      "version": "0.20.0",
      "resolved": "https://registry.npmjs.org/vue3-google-map/-/vue3-google-map-0.20.0.tgz",
      "integrity": "sha512-GUih2O3lhKKBjl9jODZgva5OtwX2DXQJEL+6EO7sEk9mD8AJbSjxbT8KjfKUP90fYIwUmZpwvcEU0cqiCLCeaA==",
      "dependencies": {
        "@googlemaps/js-api-loader": "^1.16.2",
        "@googlemaps/markerclusterer": "^2.4.0",
        "fast-deep-equal": "^3.1.3"
      },
      "engines": {
        "node": ">=16.11.0"
      },
      "peerDependencies": {
        "vue": "^3"
      }
    },
    "node_modules/webidl-conversions": {
      "version": "3.0.1",
      "resolved": "https://registry.npmjs.org/webidl-conversions/-/webidl-conversions-3.0.1.tgz",
      "integrity": "sha512-2JAn3z8AR6rjK8Sm8orRC0h/bcl/DqL7tRPdGZ4I1CjdF+EaMLmYxBHyXuKL849eucPFhvBoxMsflfOb8kxaeQ=="
    },
    "node_modules/whatwg-url": {
      "version": "5.0.0",
      "resolved": "https://registry.npmjs.org/whatwg-url/-/whatwg-url-5.0.0.tgz",
      "integrity": "sha512-saE57nupxk6v3HY35+jzBwYa0rKSy0XR8JSxZPwgLr7ys0IBzhGviA1/TUGJLmSVqs8pb9AnvICXEuOHLprYTw==",
      "dependencies": {
        "tr46": "~0.0.3",
        "webidl-conversions": "^3.0.0"
      }
    }
  }
}
